
Microsoft Visual Studio Solution File, Format Version 12.00
# Visual Studio Version 16
VisualStudioVersion = 25.0.1706.14
MinimumVisualStudioVersion = 10.0.40219.1
Project("{FAE04EC0-301F-11D3-BF4B-00C04F79EFBC}") = "Obfuscator", "Obfuscator.csproj", "{DB0006D4-CFCF-43F2-A51E-802E171DB775}"
EndProject
Project("{FAE04EC0-301F-11D3-BF4B-00C04F79EFBC}") = "Example_App", "..\Example_App\Example_App.csproj", "{FDBDD125-C780-4D72-ACD6-2D4792458DD6}"
EndProject
Global
	GlobalSection(SolutionConfigurationPlatforms) = preSolution
		Debug|Any CPU = Debug|Any CPU
		Release|Any CPU = Release|Any CPU
	EndGlobalSection
	GlobalSection(ProjectConfigurationPlatforms) = postSolution
		{DB0006D4-CFCF-43F2-A51E-802E171DB775}.Debug|Any CPU.ActiveCfg = Debug|Any CPU
		{DB0006D4-CFCF-43F2-A51E-802E171DB775}.Debug|Any CPU.Build.0 = Debug|Any CPU
		{DB0006D4-CFCF-43F2-A51E-802E171DB775}.Release|Any CPU.ActiveCfg = Release|Any CPU
		{DB0006D4-CFCF-43F2-A51E-802E171DB775}.Release|Any CPU.Build.0 = Release|Any CPU
		{FDBDD125-C780-4D72-ACD6-2D4792458DD6}.Debug|Any CPU.ActiveCfg = Debug|Any CPU
		{FDBDD125-C780-4D72-ACD6-2D4792458DD6}.Debug|Any CPU.Build.0 = Debug|Any CPU
		{FDBDD125-C780-4D72-ACD6-2D4792458DD6}.Release|Any CPU.ActiveCfg = Release|Any CPU
		{FDBDD125-C780-4D72-ACD6-2D4792458DD6}.Release|Any CPU.Build.0 = Release|Any CPU
	EndGlobalSection
	GlobalSection(SolutionProperties) = preSolution
		HideSolutionNode = FALSE
	EndGlobalSection
	GlobalSection(ExtensibilityGlobals) = postSolution
		SolutionGuid = {321EB09D-51F7-4EEE-9A14-86EC1FF662F5}
	EndGlobalSection
EndGlobal
